
Microsoft Visual Studio Solution File, Format Version 12.00
# Visual Studio Version 16
VisualStudioVersion = 16.0.30114.105
MinimumVisualStudioVersion = 10.0.40219.1
Project("{9A19103F-16F7-4668-BE54-9A1E7A4F7556}") = "Axxes.AkkaDotNet.Workshop.ClusterNode", "Axxes.AkkaDotNet.Workshop.ClusterNode\Axxes.AkkaDotNet.Workshop.ClusterNode.csproj", "{94D8856C-1933-47B8-AC6B-C10CC7547C29}"
EndProject
Project("{9A19103F-16F7-4668-BE54-9A1E7A4F7556}") = "Axxes.AkkaDotNet.Workshop.Shared", "Axxes.AkkaDotNet.Workshop.Shared\Axxes.AkkaDotNet.Workshop.Shared.csproj", "{D69FF5BE-84E6-41C5-8633-EDECCEF8776F}"
EndProject
Project("{9A19103F-16F7-4668-BE54-9A1E7A4F7556}") = "Axxes.AkkaDotNet.Workshop.SeedNode", "Axxes.AkkaDotNet.Workshop.SeedNode\Axxes.AkkaDotNet.Workshop.SeedNode.csproj", "{FCE1CBF2-A9E8-493E-A297-57E6C63894F0}"
EndProject
Project("{9A19103F-16F7-4668-BE54-9A1E7A4F7556}") = "Axxes.AkkaDotNet.Workshop.WebPortal", "Axxes.AkkaDotNet.Workshop.WebPortal\Axxes.AkkaDotNet.Workshop.WebPortal.csproj", "{214714FB-ADF4-488B-B155-87AE6E3830CF}"
EndProject
Project("{9A19103F-16F7-4668-BE54-9A1E7A4F7556}") = "Axxes.AkkaDotNet.Workshop.MessageReader", "Axxes.AkkaDotNet.Workshop.MessageReader\Axxes.AkkaDotNet.Workshop.MessageReader.csproj", "{2C803528-D359-449E-9A6F-CA027F1279EC}"
EndProject
Project("{9A19103F-16F7-4668-BE54-9A1E7A4F7556}") = "Axxes.AkkaDotNet.Workshop.Tests", "Axxes.AkkaDotNet.Workshop.Tests\Axxes.AkkaDotNet.Workshop.Tests.csproj", "{A94C90AC-BB75-431B-AFB4-52600BF9B6C6}"
EndProject
Global
	GlobalSection(SolutionConfigurationPlatforms) = preSolution
		Debug|Any CPU = Debug|Any CPU
		Release|Any CPU = Release|Any CPU
	EndGlobalSection
	GlobalSection(ProjectConfigurationPlatforms) = postSolution
		{94D8856C-1933-47B8-AC6B-C10CC7547C29}.Debug|Any CPU.ActiveCfg = Debug|Any CPU
		{94D8856C-1933-47B8-AC6B-C10CC7547C29}.Debug|Any CPU.Build.0 = Debug|Any CPU
		{94D8856C-1933-47B8-AC6B-C10CC7547C29}.Release|Any CPU.ActiveCfg = Release|Any CPU
		{94D8856C-1933-47B8-AC6B-C10CC7547C29}.Release|Any CPU.Build.0 = Release|Any CPU
		{D69FF5BE-84E6-41C5-8633-EDECCEF8776F}.Debug|Any CPU.ActiveCfg = Debug|Any CPU
		{D69FF5BE-84E6-41C5-8633-EDECCEF8776F}.Debug|Any CPU.Build.0 = Debug|Any CPU
		{D69FF5BE-84E6-41C5-8633-EDECCEF8776F}.Release|Any CPU.ActiveCfg = Release|Any CPU
		{D69FF5BE-84E6-41C5-8633-EDECCEF8776F}.Release|Any CPU.Build.0 = Release|Any CPU
		{FCE1CBF2-A9E8-493E-A297-57E6C63894F0}.Debug|Any CPU.ActiveCfg = Debug|Any CPU
		{FCE1CBF2-A9E8-493E-A297-57E6C63894F0}.Debug|Any CPU.Build.0 = Debug|Any CPU
		{FCE1CBF2-A9E8-493E-A297-57E6C63894F0}.Release|Any CPU.ActiveCfg = Release|Any CPU
		{FCE1CBF2-A9E8-493E-A297-57E6C63894F0}.Release|Any CPU.Build.0 = Release|Any CPU
		{214714FB-ADF4-488B-B155-87AE6E3830CF}.Debug|Any CPU.ActiveCfg = Debug|Any CPU
		{214714FB-ADF4-488B-B155-87AE6E3830CF}.Debug|Any CPU.Build.0 = Debug|Any CPU
		{214714FB-ADF4-488B-B155-87AE6E3830CF}.Release|Any CPU.ActiveCfg = Release|Any CPU
		{214714FB-ADF4-488B-B155-87AE6E3830CF}.Release|Any CPU.Build.0 = Release|Any CPU
		{2C803528-D359-449E-9A6F-CA027F1279EC}.Debug|Any CPU.ActiveCfg = Debug|Any CPU
		{2C803528-D359-449E-9A6F-CA027F1279EC}.Debug|Any CPU.Build.0 = Debug|Any CPU
		{2C803528-D359-449E-9A6F-CA027F1279EC}.Release|Any CPU.ActiveCfg = Release|Any CPU
		{2C803528-D359-449E-9A6F-CA027F1279EC}.Release|Any CPU.Build.0 = Release|Any CPU
		{A94C90AC-BB75-431B-AFB4-52600BF9B6C6}.Debug|Any CPU.ActiveCfg = Debug|Any CPU
		{A94C90AC-BB75-431B-AFB4-52600BF9B6C6}.Debug|Any CPU.Build.0 = Debug|Any CPU
		{A94C90AC-BB75-431B-AFB4-52600BF9B6C6}.Release|Any CPU.ActiveCfg = Release|Any CPU
		{A94C90AC-BB75-431B-AFB4-52600BF9B6C6}.Release|Any CPU.Build.0 = Release|Any CPU
	EndGlobalSection
	GlobalSection(SolutionProperties) = preSolution
		HideSolutionNode = FALSE
	EndGlobalSection
	GlobalSection(ExtensibilityGlobals) = postSolution
		SolutionGuid = {B37D65F5-5E88-49C2-837D-EAC800E2112C}
	EndGlobalSection
EndGlobal
